{
  "name": "monet-v2-prototype",
  "version": "1.0.0",
  "lockfileVersion": 3,
  "requires": true,
  "packages": {
    "": {
      "name": "monet-v2-prototype",
      "version": "1.0.0",
      "dependencies": {
        "astro": "^4.15.0"
      }
    }
  },
  "dependencies": {
    "astro": {
      "version": "^4.15.0"
    }
  }
}
